// !$*UTF8*$!
{
	archiveVersion = 1;
	classes = {
	};
	objectVersion = 50;
	objects = {

/* Begin PBXBuildFile section */
		2911F92222A7DA8000C6C349 /* DetailsViewController.swift in Sources */ = {isa = PBXBuildFile; fileRef = 2911F92122A7DA8000C6C349 /* DetailsViewController.swift */; };
		2911F92722A7E8E000C6C349 /* DataModel.xcdatamodeld in Sources */ = {isa = PBXBuildFile; fileRef = 2911F92522A7E8E000C6C349 /* DataModel.xcdatamodeld */; };
		29191E8522AD431D00010DDA /* Reachability.swift in Sources */ = {isa = PBXBuildFile; fileRef = 29191E8422AD431D00010DDA /* Reachability.swift */; };
		29191E8822AD4A2500010DDA /* NearestAirportCell.swift in Sources */ = {isa = PBXBuildFile; fileRef = 29191E8722AD4A2500010DDA /* NearestAirportCell.swift */; };
		29191E8A22ADE75C00010DDA /* DetailViewModel.swift in Sources */ = {isa = PBXBuildFile; fileRef = 29191E8922ADE75C00010DDA /* DetailViewModel.swift */; };
		29191E8E22AE285C00010DDA /* JSONParameterEncoder.swift in Sources */ = {isa = PBXBuildFile; fileRef = 29191E8C22AE285C00010DDA /* JSONParameterEncoder.swift */; };
		29191E8F22AE285C00010DDA /* URLParameterEncoding.swift in Sources */ = {isa = PBXBuildFile; fileRef = 29191E8D22AE285C00010DDA /* URLParameterEncoding.swift */; };
		29374AF022A688C200E21467 /* AppDelegate.swift in Sources */ = {isa = PBXBuildFile; fileRef = 29374AEF22A688C200E21467 /* AppDelegate.swift */; };
		29374AF222A688C200E21467 /* HomeViewController.swift in Sources */ = {isa = PBXBuildFile; fileRef = 29374AF122A688C200E21467 /* HomeViewController.swift */; };
		29374AF522A688C200E21467 /* Main.storyboard in Resources */ = {isa = PBXBuildFile; fileRef = 29374AF322A688C200E21467 /* Main.storyboard */; };
		29374AFA22A688C300E21467 /* Assets.xcassets in Resources */ = {isa = PBXBuildFile; fileRef = 29374AF922A688C300E21467 /* Assets.xcassets */; };
		29374AFD22A688C300E21467 /* LaunchScreen.storyboard in Resources */ = {isa = PBXBuildFile; fileRef = 29374AFB22A688C300E21467 /* LaunchScreen.storyboard */; };
		29374B0822A688C300E21467 /* AirportsTests.swift in Sources */ = {isa = PBXBuildFile; fileRef = 29374B0722A688C300E21467 /* AirportsTests.swift */; };
		29374B1322A688C300E21467 /* AirportsUITests.swift in Sources */ = {isa = PBXBuildFile; fileRef = 29374B1222A688C300E21467 /* AirportsUITests.swift */; };
		2949DC8822AA8476001B4E25 /* NetworkManager.swift in Sources */ = {isa = PBXBuildFile; fileRef = 2949DC8722AA8476001B4E25 /* NetworkManager.swift */; };
		294CE94522B169CF00D503E7 /* ActivityIndicatorViewStyle.swift in Sources */ = {isa = PBXBuildFile; fileRef = 294CE94322B169CF00D503E7 /* ActivityIndicatorViewStyle.swift */; };
		294CE94622B169CF00D503E7 /* ActivityIndicatorView.swift in Sources */ = {isa = PBXBuildFile; fileRef = 294CE94422B169CF00D503E7 /* ActivityIndicatorView.swift */; };
		294CE94822B16E6700D503E7 /* ActivityInidicatorViewStyle+Animation.swift in Sources */ = {isa = PBXBuildFile; fileRef = 294CE94722B16E6700D503E7 /* ActivityInidicatorViewStyle+Animation.swift */; };
		294CE94A22B1DFE800D503E7 /* HomeViewController+SearchView.swift in Sources */ = {isa = PBXBuildFile; fileRef = 294CE94922B1DFE800D503E7 /* HomeViewController+SearchView.swift */; };
		294CE94C22B1EB3400D503E7 /* ErrorManager.swift in Sources */ = {isa = PBXBuildFile; fileRef = 294CE94B22B1EB3400D503E7 /* ErrorManager.swift */; };
		294CE94E22B1F28400D503E7 /* Constants.swift in Sources */ = {isa = PBXBuildFile; fileRef = 294CE94D22B1F28400D503E7 /* Constants.swift */; };
		29782DF622AA8B1100E7316F /* AirportEndPoint.swift in Sources */ = {isa = PBXBuildFile; fileRef = 29782DF522AA8B1100E7316F /* AirportEndPoint.swift */; };
		29782DF822AA8C4D00E7316F /* EndPointType.swift in Sources */ = {isa = PBXBuildFile; fileRef = 29782DF722AA8C4D00E7316F /* EndPointType.swift */; };
		29782DFA22AA8CAB00E7316F /* HTTPMethod.swift in Sources */ = {isa = PBXBuildFile; fileRef = 29782DF922AA8CAB00E7316F /* HTTPMethod.swift */; };
		29782DFC22AA8CDB00E7316F /* HTTPTask.swift in Sources */ = {isa = PBXBuildFile; fileRef = 29782DFB22AA8CDB00E7316F /* HTTPTask.swift */; };
		29782DFE22AA8D6800E7316F /* ParameterEncoding.swift in Sources */ = {isa = PBXBuildFile; fileRef = 29782DFD22AA8D6800E7316F /* ParameterEncoding.swift */; };
		29782E0422AA8E2000E7316F /* Router.swift in Sources */ = {isa = PBXBuildFile; fileRef = 29782E0322AA8E2000E7316F /* Router.swift */; };
		29782E0622AA8E4600E7316F /* NetworkLogger.swift in Sources */ = {isa = PBXBuildFile; fileRef = 29782E0522AA8E4600E7316F /* NetworkLogger.swift */; };
		29782E0922AADE0500E7316F /* AirportParser.swift in Sources */ = {isa = PBXBuildFile; fileRef = 29782E0822AADE0500E7316F /* AirportParser.swift */; };
		2986C15B22AC018200BF5628 /* HomeViewMocel.swift in Sources */ = {isa = PBXBuildFile; fileRef = 2986C15A22AC018200BF5628 /* HomeViewMocel.swift */; };
		298AA0A022B0CCCC0050F5B8 /* HomeViewController+NavBar.swift in Sources */ = {isa = PBXBuildFile; fileRef = 298AA09F22B0CCCC0050F5B8 /* HomeViewController+NavBar.swift */; };
		298AA0A222B118220050F5B8 /* HomeViewController+TableView.swift in Sources */ = {isa = PBXBuildFile; fileRef = 298AA0A122B118220050F5B8 /* HomeViewController+TableView.swift */; };
		298AA0A422B152AC0050F5B8 /* UIFont+CustomFont.swift in Sources */ = {isa = PBXBuildFile; fileRef = 298AA0A322B152AC0050F5B8 /* UIFont+CustomFont.swift */; };
		298AA0A622B153B80050F5B8 /* UIColor+HexColor.swift in Sources */ = {isa = PBXBuildFile; fileRef = 298AA0A522B153B80050F5B8 /* UIColor+HexColor.swift */; };
		29A2870E22A8DC9700542A8E /* AirportModel.swift in Sources */ = {isa = PBXBuildFile; fileRef = 29A2870D22A8DC9700542A8E /* AirportModel.swift */; };
		29A2871C22A929E600542A8E /* DataBaseManager.swift in Sources */ = {isa = PBXBuildFile; fileRef = 29A2871B22A929E600542A8E /* DataBaseManager.swift */; };
		831B165122F9812A00E11577 /* BaseViewController.swift in Sources */ = {isa = PBXBuildFile; fileRef = 831B165022F9812A00E11577 /* BaseViewController.swift */; };
		831B165222F9821500E11577 /* CNavBarLib.framework in Frameworks */ = {isa = PBXBuildFile; fileRef = 831B164E22F980CB00E11577 /* CNavBarLib.framework */; };
		831B165322F9821500E11577 /* CNavBarLib.framework in Embed Frameworks */ = {isa = PBXBuildFile; fileRef = 831B164E22F980CB00E11577 /* CNavBarLib.framework */; settings = {ATTRIBUTES = (CodeSignOnCopy, RemoveHeadersOnCopy, ); }; };
/* End PBXBuildFile section */

/* Begin PBXContainerItemProxy section */
		29374B0422A688C300E21467 /* PBXContainerItemProxy */ = {
			isa = PBXContainerItemProxy;
			containerPortal = 29374AE422A688C200E21467 /* Project object */;
			proxyType = 1;
			remoteGlobalIDString = 29374AEB22A688C200E21467;
			remoteInfo = Airports;
		};
		29374B0F22A688C300E21467 /* PBXContainerItemProxy */ = {
			isa = PBXContainerItemProxy;
			containerPortal = 29374AE422A688C200E21467 /* Project object */;
			proxyType = 1;
			remoteGlobalIDString = 29374AEB22A688C200E21467;
			remoteInfo = Airports;
		};
/* End PBXContainerItemProxy section */

/* Begin PBXCopyFilesBuildPhase section */
		831B165422F9821500E11577 /* Embed Frameworks */ = {
			isa = PBXCopyFilesBuildPhase;
			buildActionMask = 2147483647;
			dstPath = "";
			dstSubfolderSpec = 10;
			files = (
				831B165322F9821500E11577 /* CNavBarLib.framework in Embed Frameworks */,
			);
			name = "Embed Frameworks";
			runOnlyForDeploymentPostprocessing = 0;
		};
/* End PBXCopyFilesBuildPhase section */

/* Begin PBXFileReference section */
		2911F92122A7DA8000C6C349 /* DetailsViewController.swift */ = {isa = PBXFileReference; lastKnownFileType = sourcecode.swift; path = DetailsViewController.swift; sourceTree = "<group>"; };
		2911F92622A7E8E000C6C349 /* DataModel.xcdatamodel */ = {isa = PBXFileReference; lastKnownFileType = wrapper.xcdatamodel; path = DataModel.xcdatamodel; sourceTree = "<group>"; };
		29191E8422AD431D00010DDA /* Reachability.swift */ = {isa = PBXFileReference; lastKnownFileType = sourcecode.swift; path = Reachability.swift; sourceTree = "<group>"; };
		29191E8722AD4A2500010DDA /* NearestAirportCell.swift */ = {isa = PBXFileReference; lastKnownFileType = sourcecode.swift; path = NearestAirportCell.swift; sourceTree = "<group>"; };
		29191E8922ADE75C00010DDA /* DetailViewModel.swift */ = {isa = PBXFileReference; lastKnownFileType = sourcecode.swift; path = DetailViewModel.swift; sourceTree = "<group>"; };
		29191E8C22AE285C00010DDA /* JSONParameterEncoder.swift */ = {isa = PBXFileReference; fileEncoding = 4; lastKnownFileType = sourcecode.swift; path = JSONParameterEncoder.swift; sourceTree = "<group>"; };
		29191E8D22AE285C00010DDA /* URLParameterEncoding.swift */ = {isa = PBXFileReference; fileEncoding = 4; lastKnownFileType = sourcecode.swift; path = URLParameterEncoding.swift; sourceTree = "<group>"; };
		29374AEC22A688C200E21467 /* Airports.app */ = {isa = PBXFileReference; explicitFileType = wrapper.application; includeInIndex = 0; path = Airports.app; sourceTree = BUILT_PRODUCTS_DIR; };
		29374AEF22A688C200E21467 /* AppDelegate.swift */ = {isa = PBXFileReference; lastKnownFileType = sourcecode.swift; path = AppDelegate.swift; sourceTree = "<group>"; };
		29374AF122A688C200E21467 /* HomeViewController.swift */ = {isa = PBXFileReference; lastKnownFileType = sourcecode.swift; path = HomeViewController.swift; sourceTree = "<group>"; };
		29374AF422A688C200E21467 /* Base */ = {isa = PBXFileReference; lastKnownFileType = file.storyboard; name = Base; path = Base.lproj/Main.storyboard; sourceTree = "<group>"; };
		29374AF922A688C300E21467 /* Assets.xcassets */ = {isa = PBXFileReference; lastKnownFileType = folder.assetcatalog; path = Assets.xcassets; sourceTree = "<group>"; };
		29374AFC22A688C300E21467 /* Base */ = {isa = PBXFileReference; lastKnownFileType = file.storyboard; name = Base; path = Base.lproj/LaunchScreen.storyboard; sourceTree = "<group>"; };
		29374AFE22A688C300E21467 /* Info.plist */ = {isa = PBXFileReference; lastKnownFileType = text.plist.xml; path = Info.plist; sourceTree = "<group>"; };
		29374B0322A688C300E21467 /* AirportsTests.xctest */ = {isa = PBXFileReference; explicitFileType = wrapper.cfbundle; includeInIndex = 0; path = AirportsTests.xctest; sourceTree = BUILT_PRODUCTS_DIR; };
		29374B0722A688C300E21467 /* AirportsTests.swift */ = {isa = PBXFileReference; lastKnownFileType = sourcecode.swift; path = AirportsTests.swift; sourceTree = "<group>"; };
		29374B0922A688C300E21467 /* Info.plist */ = {isa = PBXFileReference; lastKnownFileType = text.plist.xml; path = Info.plist; sourceTree = "<group>"; };
		29374B0E22A688C300E21467 /* AirportsUITests.xctest */ = {isa = PBXFileReference; explicitFileType = wrapper.cfbundle; includeInIndex = 0; path = AirportsUITests.xctest; sourceTree = BUILT_PRODUCTS_DIR; };
		29374B1222A688C300E21467 /* AirportsUITests.swift */ = {isa = PBXFileReference; lastKnownFileType = sourcecode.swift; path = AirportsUITests.swift; sourceTree = "<group>"; };
		29374B1422A688C300E21467 /* Info.plist */ = {isa = PBXFileReference; lastKnownFileType = text.plist.xml; path = Info.plist; sourceTree = "<group>"; };
		2949DC8722AA8476001B4E25 /* NetworkManager.swift */ = {isa = PBXFileReference; lastKnownFileType = sourcecode.swift; path = NetworkManager.swift; sourceTree = "<group>"; };
		294CE94322B169CF00D503E7 /* ActivityIndicatorViewStyle.swift */ = {isa = PBXFileReference; fileEncoding = 4; lastKnownFileType = sourcecode.swift; path = ActivityIndicatorViewStyle.swift; sourceTree = "<group>"; };
		294CE94422B169CF00D503E7 /* ActivityIndicatorView.swift */ = {isa = PBXFileReference; fileEncoding = 4; lastKnownFileType = sourcecode.swift; path = ActivityIndicatorView.swift; sourceTree = "<group>"; };
		294CE94722B16E6700D503E7 /* ActivityInidicatorViewStyle+Animation.swift */ = {isa = PBXFileReference; lastKnownFileType = sourcecode.swift; path = "ActivityInidicatorViewStyle+Animation.swift"; sourceTree = "<group>"; };
		294CE94922B1DFE800D503E7 /* HomeViewController+SearchView.swift */ = {isa = PBXFileReference; lastKnownFileType = sourcecode.swift; path = "HomeViewController+SearchView.swift"; sourceTree = "<group>"; };
		294CE94B22B1EB3400D503E7 /* ErrorManager.swift */ = {isa = PBXFileReference; lastKnownFileType = sourcecode.swift; path = ErrorManager.swift; sourceTree = "<group>"; };
		294CE94D22B1F28400D503E7 /* Constants.swift */ = {isa = PBXFileReference; lastKnownFileType = sourcecode.swift; path = Constants.swift; sourceTree = "<group>"; };
		29782DF522AA8B1100E7316F /* AirportEndPoint.swift */ = {isa = PBXFileReference; lastKnownFileType = sourcecode.swift; path = AirportEndPoint.swift; sourceTree = "<group>"; };
		29782DF722AA8C4D00E7316F /* EndPointType.swift */ = {isa = PBXFileReference; lastKnownFileType = sourcecode.swift; path = EndPointType.swift; sourceTree = "<group>"; };
		29782DF922AA8CAB00E7316F /* HTTPMethod.swift */ = {isa = PBXFileReference; lastKnownFileType = sourcecode.swift; path = HTTPMethod.swift; sourceTree = "<group>"; };
		29782DFB22AA8CDB00E7316F /* HTTPTask.swift */ = {isa = PBXFileReference; lastKnownFileType = sourcecode.swift; path = HTTPTask.swift; sourceTree = "<group>"; };
		29782DFD22AA8D6800E7316F /* ParameterEncoding.swift */ = {isa = PBXFileReference; lastKnownFileType = sourcecode.swift; path = ParameterEncoding.swift; sourceTree = "<group>"; };
		29782E0322AA8E2000E7316F /* Router.swift */ = {isa = PBXFileReference; lastKnownFileType = sourcecode.swift; path = Router.swift; sourceTree = "<group>"; };
		29782E0522AA8E4600E7316F /* NetworkLogger.swift */ = {isa = PBXFileReference; lastKnownFileType = sourcecode.swift; path = NetworkLogger.swift; sourceTree = "<group>"; };
		29782E0822AADE0500E7316F /* AirportParser.swift */ = {isa = PBXFileReference; lastKnownFileType = sourcecode.swift; path = AirportParser.swift; sourceTree = "<group>"; };
		2986C15A22AC018200BF5628 /* HomeViewMocel.swift */ = {isa = PBXFileReference; lastKnownFileType = sourcecode.swift; path = HomeViewMocel.swift; sourceTree = "<group>"; };
		298AA09F22B0CCCC0050F5B8 /* HomeViewController+NavBar.swift */ = {isa = PBXFileReference; lastKnownFileType = sourcecode.swift; path = "HomeViewController+NavBar.swift"; sourceTree = "<group>"; };
		298AA0A122B118220050F5B8 /* HomeViewController+TableView.swift */ = {isa = PBXFileReference; lastKnownFileType = sourcecode.swift; path = "HomeViewController+TableView.swift"; sourceTree = "<group>"; };
		298AA0A322B152AC0050F5B8 /* UIFont+CustomFont.swift */ = {isa = PBXFileReference; lastKnownFileType = sourcecode.swift; path = "UIFont+CustomFont.swift"; sourceTree = "<group>"; };
		298AA0A522B153B80050F5B8 /* UIColor+HexColor.swift */ = {isa = PBXFileReference; lastKnownFileType = sourcecode.swift; path = "UIColor+HexColor.swift"; sourceTree = "<group>"; };
		29A2870D22A8DC9700542A8E /* AirportModel.swift */ = {isa = PBXFileReference; lastKnownFileType = sourcecode.swift; path = AirportModel.swift; sourceTree = "<group>"; };
		29A2871B22A929E600542A8E /* DataBaseManager.swift */ = {isa = PBXFileReference; lastKnownFileType = sourcecode.swift; path = DataBaseManager.swift; sourceTree = "<group>"; };
		831B164E22F980CB00E11577 /* CNavBarLib.framework */ = {isa = PBXFileReference; lastKnownFileType = wrapper.framework; path = CNavBarLib.framework; sourceTree = "<group>"; };
		831B165022F9812A00E11577 /* BaseViewController.swift */ = {isa = PBXFileReference; lastKnownFileType = sourcecode.swift; path = BaseViewController.swift; sourceTree = "<group>"; };
/* End PBXFileReference section */

/* Begin PBXFrameworksBuildPhase section */
		29374AE922A688C200E21467 /* Frameworks */ = {
			isa = PBXFrameworksBuildPhase;
			buildActionMask = 2147483647;
			files = (
				831B165222F9821500E11577 /* CNavBarLib.framework in Frameworks */,
			);
			runOnlyForDeploymentPostprocessing = 0;
		};
		29374B0022A688C300E21467 /* Frameworks */ = {
			isa = PBXFrameworksBuildPhase;
			buildActionMask = 2147483647;
			files = (
			);
			runOnlyForDeploymentPostprocessing = 0;
		};
		29374B0B22A688C300E21467 /* Frameworks */ = {
			isa = PBXFrameworksBuildPhase;
			buildActionMask = 2147483647;
			files = (
			);
			runOnlyForDeploymentPostprocessing = 0;
		};
/* End PBXFrameworksBuildPhase section */

/* Begin PBXGroup section */
		2911F91E22A7D88300C6C349 /* ViewModels */ = {
			isa = PBXGroup;
			children = (
				2986C15A22AC018200BF5628 /* HomeViewMocel.swift */,
				29191E8922ADE75C00010DDA /* DetailViewModel.swift */,
			);
			path = ViewModels;
			sourceTree = "<group>";
		};
		2911F91F22A7D88A00C6C349 /* Views */ = {
			isa = PBXGroup;
			children = (
				29374AF322A688C200E21467 /* Main.storyboard */,
				29A2871A22A91A1B00542A8E /* LaunchScreen */,
				29191E8622AD49E800010DDA /* CustomCell */,
			);
			path = Views;
			sourceTree = "<group>";
		};
		2911F92022A7D89100C6C349 /* ViewControllers */ = {
			isa = PBXGroup;
			children = (
				831B165022F9812A00E11577 /* BaseViewController.swift */,
				29374AF122A688C200E21467 /* HomeViewController.swift */,
				2911F92122A7DA8000C6C349 /* DetailsViewController.swift */,
				294CE94F22B2432700D503E7 /* Extensions */,
			);
			path = ViewControllers;
			sourceTree = "<group>";
		};
		2911F92822A7E8E700C6C349 /* DataModel */ = {
			isa = PBXGroup;
			children = (
				2911F92522A7E8E000C6C349 /* DataModel.xcdatamodeld */,
			);
			path = DataModel;
			sourceTree = "<group>";
		};
		29191E8622AD49E800010DDA /* CustomCell */ = {
			isa = PBXGroup;
			children = (
				29191E8722AD4A2500010DDA /* NearestAirportCell.swift */,
			);
			path = CustomCell;
			sourceTree = "<group>";
		};
		29191E8B22AE030700010DDA /* Models */ = {
			isa = PBXGroup;
			children = (
				29A2870D22A8DC9700542A8E /* AirportModel.swift */,
			);
			path = Models;
			sourceTree = "<group>";
		};
		29374AE322A688C200E21467 = {
			isa = PBXGroup;
			children = (
				831B164E22F980CB00E11577 /* CNavBarLib.framework */,
				29A2871922A91A0A00542A8E /* Appcontroller */,
				29374AEE22A688C200E21467 /* Airports */,
				29A2871822A919DA00542A8E /* Images */,
				2949DC8922AA8776001B4E25 /* Networking */,
				29A2871D22A929EC00542A8E /* CoreDataHelper */,
				29A2871622A9199600542A8E /* Utility */,
				29374B0622A688C300E21467 /* AirportsTests */,
				29374B1122A688C300E21467 /* AirportsUITests */,
				29374AED22A688C200E21467 /* Products */,
			);
			sourceTree = "<group>";
		};
		29374AED22A688C200E21467 /* Products */ = {
			isa = PBXGroup;
			children = (
				29374AEC22A688C200E21467 /* Airports.app */,
				29374B0322A688C300E21467 /* AirportsTests.xctest */,
				29374B0E22A688C300E21467 /* AirportsUITests.xctest */,
			);
			name = Products;
			sourceTree = "<group>";
		};
		29374AEE22A688C200E21467 /* Airports */ = {
			isa = PBXGroup;
			children = (
				2911F92022A7D89100C6C349 /* ViewControllers */,
				2911F91E22A7D88300C6C349 /* ViewModels */,
				2911F91F22A7D88A00C6C349 /* Views */,
				29191E8B22AE030700010DDA /* Models */,
				29374AFE22A688C300E21467 /* Info.plist */,
			);
			path = Airports;
			sourceTree = "<group>";
		};
		29374B0622A688C300E21467 /* AirportsTests */ = {
			isa = PBXGroup;
			children = (
				29374B0722A688C300E21467 /* AirportsTests.swift */,
				29374B0922A688C300E21467 /* Info.plist */,
			);
			path = AirportsTests;
			sourceTree = "<group>";
		};
		29374B1122A688C300E21467 /* AirportsUITests */ = {
			isa = PBXGroup;
			children = (
				29374B1222A688C300E21467 /* AirportsUITests.swift */,
				29374B1422A688C300E21467 /* Info.plist */,
			);
			path = AirportsUITests;
			sourceTree = "<group>";
		};
		2949DC8922AA8776001B4E25 /* Networking */ = {
			isa = PBXGroup;
			children = (
				29782E0722AADDE900E7316F /* Parser */,
				29782DF422AA892200E7316F /* Manager */,
				29782DF322AA87F600E7316F /* Service */,
				29782DF222AA87D500E7316F /* Encoding */,
				2949DC8A22AA878A001B4E25 /* EndPoint */,
			);
			path = Networking;
			sourceTree = "<group>";
		};
		2949DC8A22AA878A001B4E25 /* EndPoint */ = {
			isa = PBXGroup;
			children = (
				29782DF522AA8B1100E7316F /* AirportEndPoint.swift */,
			);
			path = EndPoint;
			sourceTree = "<group>";
		};
		294CE94F22B2432700D503E7 /* Extensions */ = {
			isa = PBXGroup;
			children = (
				298AA0A122B118220050F5B8 /* HomeViewController+TableView.swift */,
				298AA0A322B152AC0050F5B8 /* UIFont+CustomFont.swift */,
				298AA0A522B153B80050F5B8 /* UIColor+HexColor.swift */,
				294CE94922B1DFE800D503E7 /* HomeViewController+SearchView.swift */,
				298AA09F22B0CCCC0050F5B8 /* HomeViewController+NavBar.swift */,
			);
			path = Extensions;
			sourceTree = "<group>";
		};
		29782DF222AA87D500E7316F /* Encoding */ = {
			isa = PBXGroup;
			children = (
				29191E8C22AE285C00010DDA /* JSONParameterEncoder.swift */,
				29191E8D22AE285C00010DDA /* URLParameterEncoding.swift */,
				29782DFD22AA8D6800E7316F /* ParameterEncoding.swift */,
			);
			path = Encoding;
			sourceTree = "<group>";
		};
		29782DF322AA87F600E7316F /* Service */ = {
			isa = PBXGroup;
			children = (
				29782DF722AA8C4D00E7316F /* EndPointType.swift */,
				29782DF922AA8CAB00E7316F /* HTTPMethod.swift */,
				29782DFB22AA8CDB00E7316F /* HTTPTask.swift */,
				29782E0322AA8E2000E7316F /* Router.swift */,
				29782E0522AA8E4600E7316F /* NetworkLogger.swift */,
			);
			path = Service;
			sourceTree = "<group>";
		};
		29782DF422AA892200E7316F /* Manager */ = {
			isa = PBXGroup;
			children = (
				2949DC8722AA8476001B4E25 /* NetworkManager.swift */,
			);
			path = Manager;
			sourceTree = "<group>";
		};
		29782E0722AADDE900E7316F /* Parser */ = {
			isa = PBXGroup;
			children = (
				29782E0822AADE0500E7316F /* AirportParser.swift */,
			);
			path = Parser;
			sourceTree = "<group>";
		};
		29A2871622A9199600542A8E /* Utility */ = {
			isa = PBXGroup;
			children = (
				294CE94422B169CF00D503E7 /* ActivityIndicatorView.swift */,
				294CE94322B169CF00D503E7 /* ActivityIndicatorViewStyle.swift */,
				29191E8422AD431D00010DDA /* Reachability.swift */,
				294CE94722B16E6700D503E7 /* ActivityInidicatorViewStyle+Animation.swift */,
				294CE94B22B1EB3400D503E7 /* ErrorManager.swift */,
				294CE94D22B1F28400D503E7 /* Constants.swift */,
			);
			path = Utility;
			sourceTree = "<group>";
		};
		29A2871822A919DA00542A8E /* Images */ = {
			isa = PBXGroup;
			children = (
				29374AF922A688C300E21467 /* Assets.xcassets */,
			);
			path = Images;
			sourceTree = "<group>";
		};
		29A2871922A91A0A00542A8E /* Appcontroller */ = {
			isa = PBXGroup;
			children = (
				29374AEF22A688C200E21467 /* AppDelegate.swift */,
			);
			path = Appcontroller;
			sourceTree = "<group>";
		};
		29A2871A22A91A1B00542A8E /* LaunchScreen */ = {
			isa = PBXGroup;
			children = (
				29374AFB22A688C300E21467 /* LaunchScreen.storyboard */,
			);
			path = LaunchScreen;
			sourceTree = "<group>";
		};
		29A2871D22A929EC00542A8E /* CoreDataHelper */ = {
			isa = PBXGroup;
			children = (
				29A2871B22A929E600542A8E /* DataBaseManager.swift */,
				2911F92822A7E8E700C6C349 /* DataModel */,
			);
			path = CoreDataHelper;
			sourceTree = "<group>";
		};
/* End PBXGroup section */

/* Begin PBXNativeTarget section */
		29374AEB22A688C200E21467 /* Airports */ = {
			isa = PBXNativeTarget;
			buildConfigurationList = 29374B1722A688C300E21467 /* Build configuration list for PBXNativeTarget "Airports" */;
			buildPhases = (
				2911F92922A7FBB800C6C349 /* ShellScript */,
				29374AE822A688C200E21467 /* Sources */,
				29374AE922A688C200E21467 /* Frameworks */,
				29374AEA22A688C200E21467 /* Resources */,
				831B165422F9821500E11577 /* Embed Frameworks */,
			);
			buildRules = (
			);
			dependencies = (
			);
			name = Airports;
			productName = Airports;
			productReference = 29374AEC22A688C200E21467 /* Airports.app */;
			productType = "com.apple.product-type.application";
		};
		29374B0222A688C300E21467 /* AirportsTests */ = {
			isa = PBXNativeTarget;
			buildConfigurationList = 29374B1A22A688C300E21467 /* Build configuration list for PBXNativeTarget "AirportsTests" */;
			buildPhases = (
				29374AFF22A688C300E21467 /* Sources */,
				29374B0022A688C300E21467 /* Frameworks */,
				29374B0122A688C300E21467 /* Resources */,
			);
			buildRules = (
			);
			dependencies = (
				29374B0522A688C300E21467 /* PBXTargetDependency */,
			);
			name = AirportsTests;
			productName = AirportsTests;
			productReference = 29374B0322A688C300E21467 /* AirportsTests.xctest */;
			productType = "com.apple.product-type.bundle.unit-test";
		};
		29374B0D22A688C300E21467 /* AirportsUITests */ = {
			isa = PBXNativeTarget;
			buildConfigurationList = 29374B1D22A688C300E21467 /* Build configuration list for PBXNativeTarget "AirportsUITests" */;
			buildPhases = (
				29374B0A22A688C300E21467 /* Sources */,
				29374B0B22A688C300E21467 /* Frameworks */,
				29374B0C22A688C300E21467 /* Resources */,
			);
			buildRules = (
			);
			dependencies = (
				29374B1022A688C300E21467 /* PBXTargetDependency */,
			);
			name = AirportsUITests;
			productName = AirportsUITests;
			productReference = 29374B0E22A688C300E21467 /* AirportsUITests.xctest */;
			productType = "com.apple.product-type.bundle.ui-testing";
		};
/* End PBXNativeTarget section */

/* Begin PBXProject section */
		29374AE422A688C200E21467 /* Project object */ = {
			isa = PBXProject;
			attributes = {
				LastSwiftUpdateCheck = 1020;
				LastUpgradeCheck = 1020;
				ORGANIZATIONNAME = Airports;
				TargetAttributes = {
					29374AEB22A688C200E21467 = {
						CreatedOnToolsVersion = 10.2.1;
						LastSwiftMigration = 1020;
					};
					29374B0222A688C300E21467 = {
						CreatedOnToolsVersion = 10.2.1;
						TestTargetID = 29374AEB22A688C200E21467;
					};
					29374B0D22A688C300E21467 = {
						CreatedOnToolsVersion = 10.2.1;
						TestTargetID = 29374AEB22A688C200E21467;
					};
				};
			};
			buildConfigurationList = 29374AE722A688C200E21467 /* Build configuration list for PBXProject "Airports" */;
			compatibilityVersion = "Xcode 9.3";
			developmentRegion = en;
			hasScannedForEncodings = 0;
			knownRegions = (
				en,
				Base,
			);
			mainGroup = 29374AE322A688C200E21467;
			productRefGroup = 29374AED22A688C200E21467 /* Products */;
			projectDirPath = "";
			projectRoot = "";
			targets = (
				29374AEB22A688C200E21467 /* Airports */,
				29374B0222A688C300E21467 /* AirportsTests */,
				29374B0D22A688C300E21467 /* AirportsUITests */,
			);
		};
/* End PBXProject section */

/* Begin PBXResourcesBuildPhase section */
		29374AEA22A688C200E21467 /* Resources */ = {
			isa = PBXResourcesBuildPhase;
			buildActionMask = 2147483647;
			files = (
				29374AFD22A688C300E21467 /* LaunchScreen.storyboard in Resources */,
				29374AFA22A688C300E21467 /* Assets.xcassets in Resources */,
				29374AF522A688C200E21467 /* Main.storyboard in Resources */,
			);
			runOnlyForDeploymentPostprocessing = 0;
		};
		29374B0122A688C300E21467 /* Resources */ = {
			isa = PBXResourcesBuildPhase;
			buildActionMask = 2147483647;
			files = (
			);
			runOnlyForDeploymentPostprocessing = 0;
		};
		29374B0C22A688C300E21467 /* Resources */ = {
			isa = PBXResourcesBuildPhase;
			buildActionMask = 2147483647;
			files = (
			);
			runOnlyForDeploymentPostprocessing = 0;
		};
/* End PBXResourcesBuildPhase section */

/* Begin PBXShellScriptBuildPhase section */
		2911F92922A7FBB800C6C349 /* ShellScript */ = {
			isa = PBXShellScriptBuildPhase;
			buildActionMask = 12;
			files = (
			);
			inputFileListPaths = (
			);
			inputPaths = (
			);
			outputFileListPaths = (
			);
			outputPaths = (
			);
			runOnlyForDeploymentPostprocessing = 0;
			shellPath = /bin/sh;
			shellScript = "
";
		};
/* End PBXShellScriptBuildPhase section */

/* Begin PBXSourcesBuildPhase section */
		29374AE822A688C200E21467 /* Sources */ = {
			isa = PBXSourcesBuildPhase;
			buildActionMask = 2147483647;
			files = (
				29191E8822AD4A2500010DDA /* NearestAirportCell.swift in Sources */,
				298AA0A022B0CCCC0050F5B8 /* HomeViewController+NavBar.swift in Sources */,
				29782E0622AA8E4600E7316F /* NetworkLogger.swift in Sources */,
				2949DC8822AA8476001B4E25 /* NetworkManager.swift in Sources */,
				29374AF222A688C200E21467 /* HomeViewController.swift in Sources */,
				294CE94A22B1DFE800D503E7 /* HomeViewController+SearchView.swift in Sources */,
				29782DFA22AA8CAB00E7316F /* HTTPMethod.swift in Sources */,
				29191E8E22AE285C00010DDA /* JSONParameterEncoder.swift in Sources */,
				29782DF822AA8C4D00E7316F /* EndPointType.swift in Sources */,
				294CE94E22B1F28400D503E7 /* Constants.swift in Sources */,
				2986C15B22AC018200BF5628 /* HomeViewMocel.swift in Sources */,
				294CE94822B16E6700D503E7 /* ActivityInidicatorViewStyle+Animation.swift in Sources */,
				29782E0922AADE0500E7316F /* AirportParser.swift in Sources */,
				831B165122F9812A00E11577 /* BaseViewController.swift in Sources */,
				29374AF022A688C200E21467 /* AppDelegate.swift in Sources */,
				29782E0422AA8E2000E7316F /* Router.swift in Sources */,
				29782DFC22AA8CDB00E7316F /* HTTPTask.swift in Sources */,
				29191E8A22ADE75C00010DDA /* DetailViewModel.swift in Sources */,
				2911F92722A7E8E000C6C349 /* DataModel.xcdatamodeld in Sources */,
				298AA0A222B118220050F5B8 /* HomeViewController+TableView.swift in Sources */,
				29782DF622AA8B1100E7316F /* AirportEndPoint.swift in Sources */,
				294CE94522B169CF00D503E7 /* ActivityIndicatorViewStyle.swift in Sources */,
				29782DFE22AA8D6800E7316F /* ParameterEncoding.swift in Sources */,
				298AA0A422B152AC0050F5B8 /* UIFont+CustomFont.swift in Sources */,
				298AA0A622B153B80050F5B8 /* UIColor+HexColor.swift in Sources */,
				29191E8522AD431D00010DDA /* Reachability.swift in Sources */,
				294CE94C22B1EB3400D503E7 /* ErrorManager.swift in Sources */,
				29A2870E22A8DC9700542A8E /* AirportModel.swift in Sources */,
				29191E8F22AE285C00010DDA /* URLParameterEncoding.swift in Sources */,
				29A2871C22A929E600542A8E /* DataBaseManager.swift in Sources */,
				2911F92222A7DA8000C6C349 /* DetailsViewController.swift in Sources */,
				294CE94622B169CF00D503E7 /* ActivityIndicatorView.swift in Sources */,
			);
			runOnlyForDeploymentPostprocessing = 0;
		};
		29374AFF22A688C300E21467 /* Sources */ = {
			isa = PBXSourcesBuildPhase;
			buildActionMask = 2147483647;
			files = (
				29374B0822A688C300E21467 /* AirportsTests.swift in Sources */,
			);
			runOnlyForDeploymentPostprocessing = 0;
		};
		29374B0A22A688C300E21467 /* Sources */ = {
			isa = PBXSourcesBuildPhase;
			buildActionMask = 2147483647;
			files = (
				29374B1322A688C300E21467 /* AirportsUITests.swift in Sources */,
			);
			runOnlyForDeploymentPostprocessing = 0;
		};
/* End PBXSourcesBuildPhase section */

/* Begin PBXTargetDependency section */
		29374B0522A688C300E21467 /* PBXTargetDependency */ = {
			isa = PBXTargetDependency;
			target = 29374AEB22A688C200E21467 /* Airports */;
			targetProxy = 29374B0422A688C300E21467 /* PBXContainerItemProxy */;
		};
		29374B1022A688C300E21467 /* PBXTargetDependency */ = {
			isa = PBXTargetDependency;
			target = 29374AEB22A688C200E21467 /* Airports */;
			targetProxy = 29374B0F22A688C300E21467 /* PBXContainerItemProxy */;
		};
/* End PBXTargetDependency section */

/* Begin PBXVariantGroup section */
		29374AF322A688C200E21467 /* Main.storyboard */ = {
			isa = PBXVariantGroup;
			children = (
				29374AF422A688C200E21467 /* Base */,
			);
			name = Main.storyboard;
			sourceTree = "<group>";
		};
		29374AFB22A688C300E21467 /* LaunchScreen.storyboard */ = {
			isa = PBXVariantGroup;
			children = (
				29374AFC22A688C300E21467 /* Base */,
			);
			name = LaunchScreen.storyboard;
			sourceTree = "<group>";
		};
/* End PBXVariantGroup section */

/* Begin XCBuildConfiguration section */
		29374B1522A688C300E21467 /* Debug */ = {
			isa = XCBuildConfiguration;
			buildSettings = {
				ALWAYS_SEARCH_USER_PATHS = NO;
				CLANG_ANALYZER_NONNULL = YES;
				CLANG_ANALYZER_NUMBER_OBJECT_CONVERSION = YES_AGGRESSIVE;
				CLANG_CXX_LANGUAGE_STANDARD = "gnu++14";
				CLANG_CXX_LIBRARY = "libc++";
				CLANG_ENABLE_MODULES = YES;
				CLANG_ENABLE_OBJC_ARC = YES;
				CLANG_ENABLE_OBJC_WEAK = YES;
				CLANG_WARN_BLOCK_CAPTURE_AUTORELEASING = YES;
				CLANG_WARN_BOOL_CONVERSION = YES;
				CLANG_WARN_COMMA = YES;
				CLANG_WARN_CONSTANT_CONVERSION = YES;
				CLANG_WARN_DEPRECATED_OBJC_IMPLEMENTATIONS = YES;
				CLANG_WARN_DIRECT_OBJC_ISA_USAGE = YES_ERROR;
				CLANG_WARN_DOCUMENTATION_COMMENTS = YES;
				CLANG_WARN_EMPTY_BODY = YES;
				CLANG_WARN_ENUM_CONVERSION = YES;
				CLANG_WARN_INFINITE_RECURSION = YES;
				CLANG_WARN_INT_CONVERSION = YES;
				CLANG_WARN_NON_LITERAL_NULL_CONVERSION = YES;
				CLANG_WARN_OBJC_IMPLICIT_RETAIN_SELF = YES;
				CLANG_WARN_OBJC_LITERAL_CONVERSION = YES;
				CLANG_WARN_OBJC_ROOT_CLASS = YES_ERROR;
				CLANG_WARN_RANGE_LOOP_ANALYSIS = YES;
				CLANG_WARN_STRICT_PROTOTYPES = YES;
				CLANG_WARN_SUSPICIOUS_MOVE = YES;
				CLANG_WARN_UNGUARDED_AVAILABILITY = YES_AGGRESSIVE;
				CLANG_WARN_UNREACHABLE_CODE = YES;
				CLANG_WARN__DUPLICATE_METHOD_MATCH = YES;
				CODE_SIGN_IDENTITY = "iPhone Developer";
				COPY_PHASE_STRIP = NO;
				DEBUG_INFORMATION_FORMAT = dwarf;
				ENABLE_STRICT_OBJC_MSGSEND = YES;
				ENABLE_TESTABILITY = YES;
				GCC_C_LANGUAGE_STANDARD = gnu11;
				GCC_DYNAMIC_NO_PIC = NO;
				GCC_NO_COMMON_BLOCKS = YES;
				GCC_OPTIMIZATION_LEVEL = 0;
				GCC_PREPROCESSOR_DEFINITIONS = (
					"DEBUG=1",
					"$(inherited)",
				);
				GCC_WARN_64_TO_32_BIT_CONVERSION = YES;
				GCC_WARN_ABOUT_RETURN_TYPE = YES_ERROR;
				GCC_WARN_UNDECLARED_SELECTOR = YES;
				GCC_WARN_UNINITIALIZED_AUTOS = YES_AGGRESSIVE;
				GCC_WARN_UNUSED_FUNCTION = YES;
				GCC_WARN_UNUSED_VARIABLE = YES;
				IPHONEOS_DEPLOYMENT_TARGET = 12.2;
				MTL_ENABLE_DEBUG_INFO = INCLUDE_SOURCE;
				MTL_FAST_MATH = YES;
				ONLY_ACTIVE_ARCH = YES;
				SDKROOT = iphoneos;
				SWIFT_ACTIVE_COMPILATION_CONDITIONS = DEBUG;
				SWIFT_OPTIMIZATION_LEVEL = "-Onone";
			};
			name = Debug;
		};
		29374B1622A688C300E21467 /* Release */ = {
			isa = XCBuildConfiguration;
			buildSettings = {
				ALWAYS_SEARCH_USER_PATHS = NO;
				CLANG_ANALYZER_NONNULL = YES;
				CLANG_ANALYZER_NUMBER_OBJECT_CONVERSION = YES_AGGRESSIVE;
				CLANG_CXX_LANGUAGE_STANDARD = "gnu++14";
				CLANG_CXX_LIBRARY = "libc++";
				CLANG_ENABLE_MODULES = YES;
				CLANG_ENABLE_OBJC_ARC = YES;
				CLANG_ENABLE_OBJC_WEAK = YES;
				CLANG_WARN_BLOCK_CAPTURE_AUTORELEASING = YES;
				CLANG_WARN_BOOL_CONVERSION = YES;
				CLANG_WARN_COMMA = YES;
				CLANG_WARN_CONSTANT_CONVERSION = YES;
				CLANG_WARN_DEPRECATED_OBJC_IMPLEMENTATIONS = YES;
				CLANG_WARN_DIRECT_OBJC_ISA_USAGE = YES_ERROR;
				CLANG_WARN_DOCUMENTATION_COMMENTS = YES;
				CLANG_WARN_EMPTY_BODY = YES;
				CLANG_WARN_ENUM_CONVERSION = YES;
				CLANG_WARN_INFINITE_RECURSION = YES;
				CLANG_WARN_INT_CONVERSION = YES;
				CLANG_WARN_NON_LITERAL_NULL_CONVERSION = YES;
				CLANG_WARN_OBJC_IMPLICIT_RETAIN_SELF = YES;
				CLANG_WARN_OBJC_LITERAL_CONVERSION = YES;
				CLANG_WARN_OBJC_ROOT_CLASS = YES_ERROR;
				CLANG_WARN_RANGE_LOOP_ANALYSIS = YES;
				CLANG_WARN_STRICT_PROTOTYPES = YES;
				CLANG_WARN_SUSPICIOUS_MOVE = YES;
				CLANG_WARN_UNGUARDED_AVAILABILITY = YES_AGGRESSIVE;
				CLANG_WARN_UNREACHABLE_CODE = YES;
				CLANG_WARN__DUPLICATE_METHOD_MATCH = YES;
				CODE_SIGN_IDENTITY = "iPhone Developer";
				COPY_PHASE_STRIP = NO;
				DEBUG_INFORMATION_FORMAT = "dwarf-with-dsym";
				ENABLE_NS_ASSERTIONS = NO;
				ENABLE_STRICT_OBJC_MSGSEND = YES;
				GCC_C_LANGUAGE_STANDARD = gnu11;
				GCC_NO_COMMON_BLOCKS = YES;
				GCC_WARN_64_TO_32_BIT_CONVERSION = YES;
				GCC_WARN_ABOUT_RETURN_TYPE = YES_ERROR;
				GCC_WARN_UNDECLARED_SELECTOR = YES;
				GCC_WARN_UNINITIALIZED_AUTOS = YES_AGGRESSIVE;
				GCC_WARN_UNUSED_FUNCTION = YES;
				GCC_WARN_UNUSED_VARIABLE = YES;
				IPHONEOS_DEPLOYMENT_TARGET = 12.2;
				MTL_ENABLE_DEBUG_INFO = NO;
				MTL_FAST_MATH = YES;
				SDKROOT = iphoneos;
				SWIFT_COMPILATION_MODE = wholemodule;
				SWIFT_OPTIMIZATION_LEVEL = "-O";
				VALIDATE_PRODUCT = YES;
			};
			name = Release;
		};
		29374B1822A688C300E21467 /* Debug */ = {
			isa = XCBuildConfiguration;
			buildSettings = {
				ASSETCATALOG_COMPILER_APPICON_NAME = AppIcon;
				CLANG_ENABLE_MODULES = YES;
				CODE_SIGN_STYLE = Manual;
				DEVELOPMENT_TEAM = "";
				FRAMEWORK_SEARCH_PATHS = (
					"$(inherited)",
					"$(PROJECT_DIR)",
				);
				"FRAMEWORK_SEARCH_PATHS[arch=*]" = (
					$PODS_CONFIGURATION_BUILD_DIR/Alamofire,
					"$(inherited)",
					"$(SRCROOT)/**",
				);
				INFOPLIST_FILE = Airports/Info.plist;
				LD_RUNPATH_SEARCH_PATHS = (
					"$(inherited)",
					"@executable_path/Frameworks",
				);
				PRODUCT_BUNDLE_IDENTIFIER = com.geva.Airports;
				PRODUCT_NAME = "$(TARGET_NAME)";
				PROVISIONING_PROFILE_SPECIFIER = "";
				SWIFT_OPTIMIZATION_LEVEL = "-Onone";
				SWIFT_VERSION = 5.0;
				TARGETED_DEVICE_FAMILY = "1,2";
			};
			name = Debug;
		};
		29374B1922A688C300E21467 /* Release */ = {
			isa = XCBuildConfiguration;
			buildSettings = {
				ASSETCATALOG_COMPILER_APPICON_NAME = AppIcon;
				CLANG_ENABLE_MODULES = YES;
				CODE_SIGN_STYLE = Manual;
				DEVELOPMENT_TEAM = "";
				FRAMEWORK_SEARCH_PATHS = (
					"$(inherited)",
					"$(PROJECT_DIR)",
				);
				INFOPLIST_FILE = Airports/Info.plist;
				LD_RUNPATH_SEARCH_PATHS = (
					"$(inherited)",
					"@executable_path/Frameworks",
				);
				PRODUCT_BUNDLE_IDENTIFIER = com.geva.Airports;
				PRODUCT_NAME = "$(TARGET_NAME)";
				PROVISIONING_PROFILE_SPECIFIER = "";
				SWIFT_VERSION = 5.0;
				TARGETED_DEVICE_FAMILY = "1,2";
			};
			name = Release;
		};
		29374B1B22A688C300E21467 /* Debug */ = {
			isa = XCBuildConfiguration;
			buildSettings = {
				ALWAYS_EMBED_SWIFT_STANDARD_LIBRARIES = YES;
				BUNDLE_LOADER = "$(TEST_HOST)";
				CODE_SIGN_STYLE = Automatic;
				DEVELOPMENT_TEAM = T5VTKZR96W;
				INFOPLIST_FILE = AirportsTests/Info.plist;
				LD_RUNPATH_SEARCH_PATHS = (
					"$(inherited)",
					"@executable_path/Frameworks",
					"@loader_path/Frameworks",
				);
				PRODUCT_BUNDLE_IDENTIFIER = com.geva.AirportsTests;
				PRODUCT_NAME = "$(TARGET_NAME)";
				SWIFT_VERSION = 5.0;
				TARGETED_DEVICE_FAMILY = "1,2";
				TEST_HOST = "$(BUILT_PRODUCTS_DIR)/Airports.app/Airports";
			};
			name = Debug;
		};
		29374B1C22A688C300E21467 /* Release */ = {
			isa = XCBuildConfiguration;
			buildSettings = {
				ALWAYS_EMBED_SWIFT_STANDARD_LIBRARIES = YES;
				BUNDLE_LOADER = "$(TEST_HOST)";
				CODE_SIGN_STYLE = Automatic;
				DEVELOPMENT_TEAM = T5VTKZR96W;
				INFOPLIST_FILE = AirportsTests/Info.plist;
				LD_RUNPATH_SEARCH_PATHS = (
					"$(inherited)",
					"@executable_path/Frameworks",
					"@loader_path/Frameworks",
				);
				PRODUCT_BUNDLE_IDENTIFIER = com.geva.AirportsTests;
				PRODUCT_NAME = "$(TARGET_NAME)";
				SWIFT_VERSION = 5.0;
				TARGETED_DEVICE_FAMILY = "1,2";
				TEST_HOST = "$(BUILT_PRODUCTS_DIR)/Airports.app/Airports";
			};
			name = Release;
		};
		29374B1E22A688C300E21467 /* Debug */ = {
			isa = XCBuildConfiguration;
			buildSettings = {
				ALWAYS_EMBED_SWIFT_STANDARD_LIBRARIES = YES;
				CODE_SIGN_STYLE = Automatic;
				DEVELOPMENT_TEAM = T5VTKZR96W;
				INFOPLIST_FILE = AirportsUITests/Info.plist;
				LD_RUNPATH_SEARCH_PATHS = (
					"$(inherited)",
					"@executable_path/Frameworks",
					"@loader_path/Frameworks",
				);
				PRODUCT_BUNDLE_IDENTIFIER = com.geva.AirportsUITests;
				PRODUCT_NAME = "$(TARGET_NAME)";
				SWIFT_VERSION = 5.0;
				TARGETED_DEVICE_FAMILY = "1,2";
				TEST_TARGET_NAME = Airports;
			};
			name = Debug;
		};
		29374B1F22A688C300E21467 /* Release */ = {
			isa = XCBuildConfiguration;
			buildSettings = {
				ALWAYS_EMBED_SWIFT_STANDARD_LIBRARIES = YES;
				CODE_SIGN_STYLE = Automatic;
				DEVELOPMENT_TEAM = T5VTKZR96W;
				INFOPLIST_FILE = AirportsUITests/Info.plist;
				LD_RUNPATH_SEARCH_PATHS = (
					"$(inherited)",
					"@executable_path/Frameworks",
					"@loader_path/Frameworks",
				);
				PRODUCT_BUNDLE_IDENTIFIER = com.geva.AirportsUITests;
				PRODUCT_NAME = "$(TARGET_NAME)";
				SWIFT_VERSION = 5.0;
				TARGETED_DEVICE_FAMILY = "1,2";
				TEST_TARGET_NAME = Airports;
			};
			name = Release;
		};
/* End XCBuildConfiguration section */

/* Begin XCConfigurationList section */
		29374AE722A688C200E21467 /* Build configuration list for PBXProject "Airports" */ = {
			isa = XCConfigurationList;
			buildConfigurations = (
				29374B1522A688C300E21467 /* Debug */,
				29374B1622A688C300E21467 /* Release */,
			);
			defaultConfigurationIsVisible = 0;
			defaultConfigurationName = Release;
		};
		29374B1722A688C300E21467 /* Build configuration list for PBXNativeTarget "Airports" */ = {
			isa = XCConfigurationList;
			buildConfigurations = (
				29374B1822A688C300E21467 /* Debug */,
				29374B1922A688C300E21467 /* Release */,
			);
			defaultConfigurationIsVisible = 0;
			defaultConfigurationName = Release;
		};
		29374B1A22A688C300E21467 /* Build configuration list for PBXNativeTarget "AirportsTests" */ = {
			isa = XCConfigurationList;
			buildConfigurations = (
				29374B1B22A688C300E21467 /* Debug */,
				29374B1C22A688C300E21467 /* Release */,
			);
			defaultConfigurationIsVisible = 0;
			defaultConfigurationName = Release;
		};
		29374B1D22A688C300E21467 /* Build configuration list for PBXNativeTarget "AirportsUITests" */ = {
			isa = XCConfigurationList;
			buildConfigurations = (
				29374B1E22A688C300E21467 /* Debug */,
				29374B1F22A688C300E21467 /* Release */,
			);
			defaultConfigurationIsVisible = 0;
			defaultConfigurationName = Release;
		};
/* End XCConfigurationList section */

/* Begin XCVersionGroup section */
		2911F92522A7E8E000C6C349 /* DataModel.xcdatamodeld */ = {
			isa = XCVersionGroup;
			children = (
				2911F92622A7E8E000C6C349 /* DataModel.xcdatamodel */,
			);
			currentVersion = 2911F92622A7E8E000C6C349 /* DataModel.xcdatamodel */;
			path = DataModel.xcdatamodeld;
			sourceTree = "<group>";
			versionGroupType = wrapper.xcdatamodel;
		};
/* End XCVersionGroup section */
	};
	rootObject = 29374AE422A688C200E21467 /* Project object */;
}
